
Microsoft Visual Studio Solution File, Format Version 12.00
# Visual Studio Version 17
VisualStudioVersion = 17.11.35222.181
MinimumVisualStudioVersion = 10.0.40219.1
Project("{FAE04EC0-301F-11D3-BF4B-00C04F79EFBC}") = "SwornRarityMod", "SwornRarityMod\SwornRarityMod.csproj", "{FEBCCDE5-CCB0-4A99-9A64-CBE9AB4B1C67}"
EndProject
Global
	GlobalSection(SolutionConfigurationPlatforms) = preSolution
		Debug|Any CPU = Debug|Any CPU
		Release|Any CPU = Release|Any CPU
	EndGlobalSection
	GlobalSection(ProjectConfigurationPlatforms) = postSolution
		{FEBCCDE5-CCB0-4A99-9A64-CBE9AB4B1C67}.Debug|Any CPU.ActiveCfg = Debug|Any CPU
		{FEBCCDE5-CCB0-4A99-9A64-CBE9AB4B1C67}.Debug|Any CPU.Build.0 = Debug|Any CPU
		{FEBCCDE5-CCB0-4A99-9A64-CBE9AB4B1C67}.Release|Any CPU.ActiveCfg = Release|Any CPU
		{FEBCCDE5-CCB0-4A99-9A64-CBE9AB4B1C67}.Release|Any CPU.Build.0 = Release|Any CPU
	EndGlobalSection
	GlobalSection(SolutionProperties) = preSolution
		HideSolutionNode = FALSE
	EndGlobalSection
	GlobalSection(ExtensibilityGlobals) = postSolution
		SolutionGuid = {C6E7BF14-17D7-47A4-A234-5A43549BA023}
	EndGlobalSection
EndGlobal
